
Microsoft Visual Studio Solution File, Format Version 12.00
# Visual Studio Version 17
VisualStudioVersion = 17.7.34003.232
MinimumVisualStudioVersion = 10.0.40219.1
Project("{8BC9CEB8-8B4A-11D0-8D11-00A0C91BC942}") = "BestBuyAPP", "BestBuyAPP\BestBuyAPP.vcxproj", "{519A15E8-391D-4587-8902-31ABDA9CF6BF}"
EndProject
Global
	GlobalSection(SolutionConfigurationPlatforms) = preSolution
		Debug|x64 = Debug|x64
		Debug|x86 = Debug|x86
		Release|x64 = Release|x64
		Release|x86 = Release|x86
	EndGlobalSection
	GlobalSection(ProjectConfigurationPlatforms) = postSolution
		{519A15E8-391D-4587-8902-31ABDA9CF6BF}.Debug|x64.ActiveCfg = Debug|x64
		{519A15E8-391D-4587-8902-31ABDA9CF6BF}.Debug|x64.Build.0 = Debug|x64
		{519A15E8-391D-4587-8902-31ABDA9CF6BF}.Debug|x86.ActiveCfg = Debug|Win32
		{519A15E8-391D-4587-8902-31ABDA9CF6BF}.Debug|x86.Build.0 = Debug|Win32
		{519A15E8-391D-4587-8902-31ABDA9CF6BF}.Release|x64.ActiveCfg = Release|x64
		{519A15E8-391D-4587-8902-31ABDA9CF6BF}.Release|x64.Build.0 = Release|x64
		{519A15E8-391D-4587-8902-31ABDA9CF6BF}.Release|x86.ActiveCfg = Release|Win32
		{519A15E8-391D-4587-8902-31ABDA9CF6BF}.Release|x86.Build.0 = Release|Win32
	EndGlobalSection
	GlobalSection(SolutionProperties) = preSolution
		HideSolutionNode = FALSE
	EndGlobalSection
	GlobalSection(ExtensibilityGlobals) = postSolution
		SolutionGuid = {C0645F25-EBE8-44A8-BA00-50CA91F26472}
	EndGlobalSection
EndGlobal
