
Microsoft Visual Studio Solution File, Format Version 12.00
# Visual Studio Version 17
VisualStudioVersion = 17.7.34003.232
MinimumVisualStudioVersion = 10.0.40219.1
Project("{8BC9CEB8-8B4A-11D0-8D11-00A0C91BC942}") = "FirstAppSpring2024", "FirstAppSpring2024.vcxproj", "{3BDCE89B-DE3C-4F3C-8694-28560D10898A}"
EndProject
Global
	GlobalSection(SolutionConfigurationPlatforms) = preSolution
		Debug|x64 = Debug|x64
		Debug|x86 = Debug|x86
		Release|x64 = Release|x64
		Release|x86 = Release|x86
	EndGlobalSection
	GlobalSection(ProjectConfigurationPlatforms) = postSolution
		{3BDCE89B-DE3C-4F3C-8694-28560D10898A}.Debug|x64.ActiveCfg = Debug|x64
		{3BDCE89B-DE3C-4F3C-8694-28560D10898A}.Debug|x64.Build.0 = Debug|x64
		{3BDCE89B-DE3C-4F3C-8694-28560D10898A}.Debug|x86.ActiveCfg = Debug|Win32
		{3BDCE89B-DE3C-4F3C-8694-28560D10898A}.Debug|x86.Build.0 = Debug|Win32
		{3BDCE89B-DE3C-4F3C-8694-28560D10898A}.Release|x64.ActiveCfg = Release|x64
		{3BDCE89B-DE3C-4F3C-8694-28560D10898A}.Release|x64.Build.0 = Release|x64
		{3BDCE89B-DE3C-4F3C-8694-28560D10898A}.Release|x86.ActiveCfg = Release|Win32
		{3BDCE89B-DE3C-4F3C-8694-28560D10898A}.Release|x86.Build.0 = Release|Win32
	EndGlobalSection
	GlobalSection(SolutionProperties) = preSolution
		HideSolutionNode = FALSE
	EndGlobalSection
	GlobalSection(ExtensibilityGlobals) = postSolution
		SolutionGuid = {C7AC8858-9418-4170-A458-9D08A3C9A57D}
	EndGlobalSection
EndGlobal
