
Microsoft Visual Studio Solution File, Format Version 12.00
# Visual Studio Version 17
VisualStudioVersion = 17.7.34003.232
MinimumVisualStudioVersion = 10.0.40219.1
Project("{8BC9CEB8-8B4A-11D0-8D11-00A0C91BC942}") = "FileManipulation", "FileManipulation\FileManipulation.vcxproj", "{89B2F515-2437-46D6-98CE-656AD485C6BC}"
EndProject
Global
	GlobalSection(SolutionConfigurationPlatforms) = preSolution
		Debug|x64 = Debug|x64
		Debug|x86 = Debug|x86
		Release|x64 = Release|x64
		Release|x86 = Release|x86
	EndGlobalSection
	GlobalSection(ProjectConfigurationPlatforms) = postSolution
		{89B2F515-2437-46D6-98CE-656AD485C6BC}.Debug|x64.ActiveCfg = Debug|x64
		{89B2F515-2437-46D6-98CE-656AD485C6BC}.Debug|x64.Build.0 = Debug|x64
		{89B2F515-2437-46D6-98CE-656AD485C6BC}.Debug|x86.ActiveCfg = Debug|Win32
		{89B2F515-2437-46D6-98CE-656AD485C6BC}.Debug|x86.Build.0 = Debug|Win32
		{89B2F515-2437-46D6-98CE-656AD485C6BC}.Release|x64.ActiveCfg = Release|x64
		{89B2F515-2437-46D6-98CE-656AD485C6BC}.Release|x64.Build.0 = Release|x64
		{89B2F515-2437-46D6-98CE-656AD485C6BC}.Release|x86.ActiveCfg = Release|Win32
		{89B2F515-2437-46D6-98CE-656AD485C6BC}.Release|x86.Build.0 = Release|Win32
	EndGlobalSection
	GlobalSection(SolutionProperties) = preSolution
		HideSolutionNode = FALSE
	EndGlobalSection
	GlobalSection(ExtensibilityGlobals) = postSolution
		SolutionGuid = {B428F8F6-9DD2-4D42-9F3A-00E443F6AFB2}
	EndGlobalSection
EndGlobal
